
Microsoft Visual Studio Solution File, Format Version 12.00
# Visual Studio Version 16
VisualStudioVersion = 16.0.29503.13
MinimumVisualStudioVersion = 10.0.40219.1
Project("{FAE04EC0-301F-11D3-BF4B-00C04F79EFBC}") = "LinearEquationsSolver", "LinearEquationsSolver\LinearEquationsSolver.csproj", "{5AA54E3E-8E97-4AD9-B340-669FAAB0AE49}"
	ProjectSection(ProjectDependencies) = postProject
		{D5CFDCC0-59E1-4C8D-8452-1E3E961F43C4} = {D5CFDCC0-59E1-4C8D-8452-1E3E961F43C4}
	EndProjectSection
EndProject
Project("{FAE04EC0-301F-11D3-BF4B-00C04F79EFBC}") = "MatrixOperations", "MatrixOperations\MatrixOperations.csproj", "{D5CFDCC0-59E1-4C8D-8452-1E3E961F43C4}"
EndProject
Global
	GlobalSection(SolutionConfigurationPlatforms) = preSolution
		Debug|Any CPU = Debug|Any CPU
		Release|Any CPU = Release|Any CPU
	EndGlobalSection
	GlobalSection(ProjectConfigurationPlatforms) = postSolution
		{5AA54E3E-8E97-4AD9-B340-669FAAB0AE49}.Debug|Any CPU.ActiveCfg = Debug|Any CPU
		{5AA54E3E-8E97-4AD9-B340-669FAAB0AE49}.Debug|Any CPU.Build.0 = Debug|Any CPU
		{5AA54E3E-8E97-4AD9-B340-669FAAB0AE49}.Release|Any CPU.ActiveCfg = Release|Any CPU
		{5AA54E3E-8E97-4AD9-B340-669FAAB0AE49}.Release|Any CPU.Build.0 = Release|Any CPU
		{D5CFDCC0-59E1-4C8D-8452-1E3E961F43C4}.Debug|Any CPU.ActiveCfg = Debug|Any CPU
		{D5CFDCC0-59E1-4C8D-8452-1E3E961F43C4}.Debug|Any CPU.Build.0 = Debug|Any CPU
		{D5CFDCC0-59E1-4C8D-8452-1E3E961F43C4}.Release|Any CPU.ActiveCfg = Release|Any CPU
		{D5CFDCC0-59E1-4C8D-8452-1E3E961F43C4}.Release|Any CPU.Build.0 = Release|Any CPU
	EndGlobalSection
	GlobalSection(SolutionProperties) = preSolution
		HideSolutionNode = FALSE
	EndGlobalSection
	GlobalSection(ExtensibilityGlobals) = postSolution
		SolutionGuid = {A47173AD-0BC8-40A5-8C4C-00568DA2B41C}
	EndGlobalSection
EndGlobal
